
Microsoft Visual Studio Solution File, Format Version 12.00
# Visual Studio Version 17
VisualStudioVersion = 17.10.35122.118
MinimumVisualStudioVersion = 10.0.40219.1
Project("{FAE04EC0-301F-11D3-BF4B-00C04F79EFBC}") = "UserAppService", "UserAppService\UserAppService.csproj", "{0C7B1160-36B9-4B9C-A07D-F83233687669}"
EndProject
Project("{FAE04EC0-301F-11D3-BF4B-00C04F79EFBC}") = "PostAppService", "PostAppService\PostAppService.csproj", "{53CDBDBE-5AE5-4CCE-A5C3-98DF92DA50AE}"
EndProject
Global
	GlobalSection(SolutionConfigurationPlatforms) = preSolution
		Debug|Any CPU = Debug|Any CPU
		Release|Any CPU = Release|Any CPU
	EndGlobalSection
	GlobalSection(ProjectConfigurationPlatforms) = postSolution
		{0C7B1160-36B9-4B9C-A07D-F83233687669}.Debug|Any CPU.ActiveCfg = Debug|Any CPU
		{0C7B1160-36B9-4B9C-A07D-F83233687669}.Debug|Any CPU.Build.0 = Debug|Any CPU
		{0C7B1160-36B9-4B9C-A07D-F83233687669}.Release|Any CPU.ActiveCfg = Release|Any CPU
		{0C7B1160-36B9-4B9C-A07D-F83233687669}.Release|Any CPU.Build.0 = Release|Any CPU
		{53CDBDBE-5AE5-4CCE-A5C3-98DF92DA50AE}.Debug|Any CPU.ActiveCfg = Debug|Any CPU
		{53CDBDBE-5AE5-4CCE-A5C3-98DF92DA50AE}.Debug|Any CPU.Build.0 = Debug|Any CPU
		{53CDBDBE-5AE5-4CCE-A5C3-98DF92DA50AE}.Release|Any CPU.ActiveCfg = Release|Any CPU
		{53CDBDBE-5AE5-4CCE-A5C3-98DF92DA50AE}.Release|Any CPU.Build.0 = Release|Any CPU
	EndGlobalSection
	GlobalSection(SolutionProperties) = preSolution
		HideSolutionNode = FALSE
	EndGlobalSection
	GlobalSection(ExtensibilityGlobals) = postSolution
		SolutionGuid = {17436DC5-71FF-4C23-96EB-A42CCB862B7F}
	EndGlobalSection
EndGlobal
